
Microsoft Visual Studio Solution File, Format Version 12.00
# Visual Studio 15
VisualStudioVersion = 15.0.28010.2036
MinimumVisualStudioVersion = 10.0.40219.1
Project("{9A19103F-16F7-4668-BE54-9A1E7A4F7556}") = "Bidmytrip.Core.Api", "Bidmytrip.Core.Api\Bidmytrip.Core.Api\Bidmytrip.Core.Api.csproj", "{07DB937C-CD8E-4FA6-AFDD-6274FFFF8185}"
EndProject
Project("{9A19103F-16F7-4668-BE54-9A1E7A4F7556}") = "Bidmytrip.Common.Workbench.Client", "Bidmytrip.Common\Bidmytrip.Common.Workbench.Client\Bidmytrip.Common.Workbench.Client.csproj", "{D5F935A2-9E50-4497-9977-4396A3A36241}"
EndProject
Global
	GlobalSection(SolutionConfigurationPlatforms) = preSolution
		Debug|Any CPU = Debug|Any CPU
		Release|Any CPU = Release|Any CPU
	EndGlobalSection
	GlobalSection(ProjectConfigurationPlatforms) = postSolution
		{07DB937C-CD8E-4FA6-AFDD-6274FFFF8185}.Debug|Any CPU.ActiveCfg = Debug|Any CPU
		{07DB937C-CD8E-4FA6-AFDD-6274FFFF8185}.Debug|Any CPU.Build.0 = Debug|Any CPU
		{07DB937C-CD8E-4FA6-AFDD-6274FFFF8185}.Release|Any CPU.ActiveCfg = Release|Any CPU
		{07DB937C-CD8E-4FA6-AFDD-6274FFFF8185}.Release|Any CPU.Build.0 = Release|Any CPU
		{D5F935A2-9E50-4497-9977-4396A3A36241}.Debug|Any CPU.ActiveCfg = Debug|Any CPU
		{D5F935A2-9E50-4497-9977-4396A3A36241}.Debug|Any CPU.Build.0 = Debug|Any CPU
		{D5F935A2-9E50-4497-9977-4396A3A36241}.Release|Any CPU.ActiveCfg = Release|Any CPU
		{D5F935A2-9E50-4497-9977-4396A3A36241}.Release|Any CPU.Build.0 = Release|Any CPU
	EndGlobalSection
	GlobalSection(SolutionProperties) = preSolution
		HideSolutionNode = FALSE
	EndGlobalSection
	GlobalSection(ExtensibilityGlobals) = postSolution
		SolutionGuid = {8E614AC8-297E-4723-B4BC-403B9764B2EA}
	EndGlobalSection
EndGlobal
